
Microsoft Visual Studio Solution File, Format Version 12.00
# Visual Studio Version 17
VisualStudioVersion = 17.9.34728.123
MinimumVisualStudioVersion = 10.0.40219.1
Project("{FAE04EC0-301F-11D3-BF4B-00C04F79EFBC}") = "Blog-asp", "Blog-asp.csproj", "{0E93E4A7-F7BE-4FE0-B1B8-7F571E070048}"
EndProject
Global
	GlobalSection(SolutionConfigurationPlatforms) = preSolution
		Debug|Any CPU = Debug|Any CPU
		Release|Any CPU = Release|Any CPU
	EndGlobalSection
	GlobalSection(ProjectConfigurationPlatforms) = postSolution
		{0E93E4A7-F7BE-4FE0-B1B8-7F571E070048}.Debug|Any CPU.ActiveCfg = Debug|Any CPU
		{0E93E4A7-F7BE-4FE0-B1B8-7F571E070048}.Debug|Any CPU.Build.0 = Debug|Any CPU
		{0E93E4A7-F7BE-4FE0-B1B8-7F571E070048}.Release|Any CPU.ActiveCfg = Release|Any CPU
		{0E93E4A7-F7BE-4FE0-B1B8-7F571E070048}.Release|Any CPU.Build.0 = Release|Any CPU
	EndGlobalSection
	GlobalSection(SolutionProperties) = preSolution
		HideSolutionNode = FALSE
	EndGlobalSection
	GlobalSection(ExtensibilityGlobals) = postSolution
		SolutionGuid = {EB2E4A54-D470-457A-94A2-85AE347686C9}
	EndGlobalSection
EndGlobal
